// !$*UTF8*$!
{
	archiveVersion = 1;
	classes = {
	};
	objectVersion = 46;
	objects = {

/* Begin PBXBuildFile section */
		801F3FEE1E5C0C150091D7F2 /* conViewController.swift in Sources */ = {isa = PBXBuildFile; fileRef = 801F3FED1E5C0C150091D7F2 /* conViewController.swift */; };
		807239291E59A4A200ECFC28 /* AppDelegate.swift in Sources */ = {isa = PBXBuildFile; fileRef = 807239281E59A4A200ECFC28 /* AppDelegate.swift */; };
		8072392B1E59A4A200ECFC28 /* ViewController.swift in Sources */ = {isa = PBXBuildFile; fileRef = 8072392A1E59A4A200ECFC28 /* ViewController.swift */; };
		8072392E1E59A4A200ECFC28 /* Main.storyboard in Resources */ = {isa = PBXBuildFile; fileRef = 8072392C1E59A4A200ECFC28 /* Main.storyboard */; };
		807239301E59A4A200ECFC28 /* Assets.xcassets in Resources */ = {isa = PBXBuildFile; fileRef = 8072392F1E59A4A200ECFC28 /* Assets.xcassets */; };
		807239331E59A4A200ECFC28 /* LaunchScreen.storyboard in Resources */ = {isa = PBXBuildFile; fileRef = 807239311E59A4A200ECFC28 /* LaunchScreen.storyboard */; };
		8072393E1E59A4A300ECFC28 /* Tutorial_AppTests.swift in Sources */ = {isa = PBXBuildFile; fileRef = 8072393D1E59A4A300ECFC28 /* Tutorial_AppTests.swift */; };
		807239491E59A4A300ECFC28 /* Tutorial_AppUITests.swift in Sources */ = {isa = PBXBuildFile; fileRef = 807239481E59A4A300ECFC28 /* Tutorial_AppUITests.swift */; };
		807239571E59AEAC00ECFC28 /* TODController.swift in Sources */ = {isa = PBXBuildFile; fileRef = 807239561E59AEAC00ECFC28 /* TODController.swift */; };
		807239591E59C63500ECFC28 /* calcViewController.swift in Sources */ = {isa = PBXBuildFile; fileRef = 807239581E59C63500ECFC28 /* calcViewController.swift */; };
		80FAE2281E5B86C30014FC61 /* CalViewController.swift in Sources */ = {isa = PBXBuildFile; fileRef = 80FAE2271E5B86C30014FC61 /* CalViewController.swift */; };
/* End PBXBuildFile section */

/* Begin PBXContainerItemProxy section */
		8072393A1E59A4A300ECFC28 /* PBXContainerItemProxy */ = {
			isa = PBXContainerItemProxy;
			containerPortal = 8072391D1E59A4A100ECFC28 /* Project object */;
			proxyType = 1;
			remoteGlobalIDString = 807239241E59A4A200ECFC28;
			remoteInfo = "Tutorial App";
		};
		807239451E59A4A300ECFC28 /* PBXContainerItemProxy */ = {
			isa = PBXContainerItemProxy;
			containerPortal = 8072391D1E59A4A100ECFC28 /* Project object */;
			proxyType = 1;
			remoteGlobalIDString = 807239241E59A4A200ECFC28;
			remoteInfo = "Tutorial App";
		};
/* End PBXContainerItemProxy section */

/* Begin PBXFileReference section */
		801F3FED1E5C0C150091D7F2 /* conViewController.swift */ = {isa = PBXFileReference; fileEncoding = 4; lastKnownFileType = sourcecode.swift; path = conViewController.swift; sourceTree = "<group>"; };
		807239251E59A4A200ECFC28 /* Tutorial App.app */ = {isa = PBXFileReference; explicitFileType = wrapper.application; includeInIndex = 0; path = "Tutorial App.app"; sourceTree = BUILT_PRODUCTS_DIR; };
		807239281E59A4A200ECFC28 /* AppDelegate.swift */ = {isa = PBXFileReference; lastKnownFileType = sourcecode.swift; path = AppDelegate.swift; sourceTree = "<group>"; };
		8072392A1E59A4A200ECFC28 /* ViewController.swift */ = {isa = PBXFileReference; lastKnownFileType = sourcecode.swift; path = ViewController.swift; sourceTree = "<group>"; };
		8072392D1E59A4A200ECFC28 /* Base */ = {isa = PBXFileReference; lastKnownFileType = file.storyboard; name = Base; path = Base.lproj/Main.storyboard; sourceTree = "<group>"; };
		8072392F1E59A4A200ECFC28 /* Assets.xcassets */ = {isa = PBXFileReference; lastKnownFileType = folder.assetcatalog; path = Assets.xcassets; sourceTree = "<group>"; };
		807239321E59A4A200ECFC28 /* Base */ = {isa = PBXFileReference; lastKnownFileType = file.storyboard; name = Base; path = Base.lproj/LaunchScreen.storyboard; sourceTree = "<group>"; };
		807239341E59A4A200ECFC28 /* Info.plist */ = {isa = PBXFileReference; lastKnownFileType = text.plist.xml; path = Info.plist; sourceTree = "<group>"; };
		807239391E59A4A300ECFC28 /* Tutorial AppTests.xctest */ = {isa = PBXFileReference; explicitFileType = wrapper.cfbundle; includeInIndex = 0; path = "Tutorial AppTests.xctest"; sourceTree = BUILT_PRODUCTS_DIR; };
		8072393D1E59A4A300ECFC28 /* Tutorial_AppTests.swift */ = {isa = PBXFileReference; lastKnownFileType = sourcecode.swift; path = Tutorial_AppTests.swift; sourceTree = "<group>"; };
		8072393F1E59A4A300ECFC28 /* Info.plist */ = {isa = PBXFileReference; lastKnownFileType = text.plist.xml; path = Info.plist; sourceTree = "<group>"; };
		807239441E59A4A300ECFC28 /* Tutorial AppUITests.xctest */ = {isa = PBXFileReference; explicitFileType = wrapper.cfbundle; includeInIndex = 0; path = "Tutorial AppUITests.xctest"; sourceTree = BUILT_PRODUCTS_DIR; };
		807239481E59A4A300ECFC28 /* Tutorial_AppUITests.swift */ = {isa = PBXFileReference; lastKnownFileType = sourcecode.swift; path = Tutorial_AppUITests.swift; sourceTree = "<group>"; };
		8072394A1E59A4A300ECFC28 /* Info.plist */ = {isa = PBXFileReference; lastKnownFileType = text.plist.xml; path = Info.plist; sourceTree = "<group>"; };
		807239561E59AEAC00ECFC28 /* TODController.swift */ = {isa = PBXFileReference; fileEncoding = 4; lastKnownFileType = sourcecode.swift; path = TODController.swift; sourceTree = "<group>"; };
		807239581E59C63500ECFC28 /* calcViewController.swift */ = {isa = PBXFileReference; fileEncoding = 4; lastKnownFileType = sourcecode.swift; path = calcViewController.swift; sourceTree = "<group>"; };
		80FAE2271E5B86C30014FC61 /* CalViewController.swift */ = {isa = PBXFileReference; fileEncoding = 4; lastKnownFileType = sourcecode.swift; path = CalViewController.swift; sourceTree = "<group>"; };
/* End PBXFileReference section */

/* Begin PBXFrameworksBuildPhase section */
		807239221E59A4A200ECFC28 /* Frameworks */ = {
			isa = PBXFrameworksBuildPhase;
			buildActionMask = 2147483647;
			files = (
			);
			runOnlyForDeploymentPostprocessing = 0;
		};
		807239361E59A4A300ECFC28 /* Frameworks */ = {
			isa = PBXFrameworksBuildPhase;
			buildActionMask = 2147483647;
			files = (
			);
			runOnlyForDeploymentPostprocessing = 0;
		};
		807239411E59A4A300ECFC28 /* Frameworks */ = {
			isa = PBXFrameworksBuildPhase;
			buildActionMask = 2147483647;
			files = (
			);
			runOnlyForDeploymentPostprocessing = 0;
		};
/* End PBXFrameworksBuildPhase section */

/* Begin PBXGroup section */
		8072391C1E59A4A100ECFC28 = {
			isa = PBXGroup;
			children = (
				807239271E59A4A200ECFC28 /* Tutorial App */,
				8072393C1E59A4A300ECFC28 /* Tutorial AppTests */,
				807239471E59A4A300ECFC28 /* Tutorial AppUITests */,
				807239261E59A4A200ECFC28 /* Products */,
			);
			sourceTree = "<group>";
		};
		807239261E59A4A200ECFC28 /* Products */ = {
			isa = PBXGroup;
			children = (
				807239251E59A4A200ECFC28 /* Tutorial App.app */,
				807239391E59A4A300ECFC28 /* Tutorial AppTests.xctest */,
				807239441E59A4A300ECFC28 /* Tutorial AppUITests.xctest */,
			);
			name = Products;
			sourceTree = "<group>";
		};
		807239271E59A4A200ECFC28 /* Tutorial App */ = {
			isa = PBXGroup;
			children = (
				807239281E59A4A200ECFC28 /* AppDelegate.swift */,
				8072392A1E59A4A200ECFC28 /* ViewController.swift */,
				8072392C1E59A4A200ECFC28 /* Main.storyboard */,
				8072392F1E59A4A200ECFC28 /* Assets.xcassets */,
				807239311E59A4A200ECFC28 /* LaunchScreen.storyboard */,
				807239341E59A4A200ECFC28 /* Info.plist */,
				807239561E59AEAC00ECFC28 /* TODController.swift */,
				807239581E59C63500ECFC28 /* calcViewController.swift */,
				80FAE2271E5B86C30014FC61 /* CalViewController.swift */,
				801F3FED1E5C0C150091D7F2 /* conViewController.swift */,
			);
			path = "Tutorial App";
			sourceTree = "<group>";
		};
		8072393C1E59A4A300ECFC28 /* Tutorial AppTests */ = {
			isa = PBXGroup;
			children = (
				8072393D1E59A4A300ECFC28 /* Tutorial_AppTests.swift */,
				8072393F1E59A4A300ECFC28 /* Info.plist */,
			);
			path = "Tutorial AppTests";
			sourceTree = "<group>";
		};
		807239471E59A4A300ECFC28 /* Tutorial AppUITests */ = {
			isa = PBXGroup;
			children = (
				807239481E59A4A300ECFC28 /* Tutorial_AppUITests.swift */,
				8072394A1E59A4A300ECFC28 /* Info.plist */,
			);
			path = "Tutorial AppUITests";
			sourceTree = "<group>";
		};
/* End PBXGroup section */

/* Begin PBXNativeTarget section */
		807239241E59A4A200ECFC28 /* Tutorial App */ = {
			isa = PBXNativeTarget;
			buildConfigurationList = 8072394D1E59A4A300ECFC28 /* Build configuration list for PBXNativeTarget "Tutorial App" */;
			buildPhases = (
				807239211E59A4A200ECFC28 /* Sources */,
				807239221E59A4A200ECFC28 /* Frameworks */,
				807239231E59A4A200ECFC28 /* Resources */,
			);
			buildRules = (
			);
			dependencies = (
			);
			name = "Tutorial App";
			productName = "Tutorial App";
			productReference = 807239251E59A4A200ECFC28 /* Tutorial App.app */;
			productType = "com.apple.product-type.application";
		};
		807239381E59A4A300ECFC28 /* Tutorial AppTests */ = {
			isa = PBXNativeTarget;
			buildConfigurationList = 807239501E59A4A300ECFC28 /* Build configuration list for PBXNativeTarget "Tutorial AppTests" */;
			buildPhases = (
				807239351E59A4A300ECFC28 /* Sources */,
				807239361E59A4A300ECFC28 /* Frameworks */,
				807239371E59A4A300ECFC28 /* Resources */,
			);
			buildRules = (
			);
			dependencies = (
				8072393B1E59A4A300ECFC28 /* PBXTargetDependency */,
			);
			name = "Tutorial AppTests";
			productName = "Tutorial AppTests";
			productReference = 807239391E59A4A300ECFC28 /* Tutorial AppTests.xctest */;
			productType = "com.apple.product-type.bundle.unit-test";
		};
		807239431E59A4A300ECFC28 /* Tutorial AppUITests */ = {
			isa = PBXNativeTarget;
			buildConfigurationList = 807239531E59A4A300ECFC28 /* Build configuration list for PBXNativeTarget "Tutorial AppUITests" */;
			buildPhases = (
				807239401E59A4A300ECFC28 /* Sources */,
				807239411E59A4A300ECFC28 /* Frameworks */,
				807239421E59A4A300ECFC28 /* Resources */,
			);
			buildRules = (
			);
			dependencies = (
				807239461E59A4A300ECFC28 /* PBXTargetDependency */,
			);
			name = "Tutorial AppUITests";
			productName = "Tutorial AppUITests";
			productReference = 807239441E59A4A300ECFC28 /* Tutorial AppUITests.xctest */;
			productType = "com.apple.product-type.bundle.ui-testing";
		};
/* End PBXNativeTarget section */

/* Begin PBXProject section */
		8072391D1E59A4A100ECFC28 /* Project object */ = {
			isa = PBXProject;
			attributes = {
				LastSwiftUpdateCheck = 0820;
				LastUpgradeCheck = 0820;
				ORGANIZATIONNAME = "IOS Training";
				TargetAttributes = {
					807239241E59A4A200ECFC28 = {
						CreatedOnToolsVersion = 8.2.1;
						ProvisioningStyle = Automatic;
					};
					807239381E59A4A300ECFC28 = {
						CreatedOnToolsVersion = 8.2.1;
						ProvisioningStyle = Automatic;
						TestTargetID = 807239241E59A4A200ECFC28;
					};
					807239431E59A4A300ECFC28 = {
						CreatedOnToolsVersion = 8.2.1;
						ProvisioningStyle = Automatic;
						TestTargetID = 807239241E59A4A200ECFC28;
					};
				};
			};
			buildConfigurationList = 807239201E59A4A100ECFC28 /* Build configuration list for PBXProject "Tutorial App" */;
			compatibilityVersion = "Xcode 3.2";
			developmentRegion = English;
			hasScannedForEncodings = 0;
			knownRegions = (
				en,
				Base,
			);
			mainGroup = 8072391C1E59A4A100ECFC28;
			productRefGroup = 807239261E59A4A200ECFC28 /* Products */;
			projectDirPath = "";
			projectRoot = "";
			targets = (
				807239241E59A4A200ECFC28 /* Tutorial App */,
				807239381E59A4A300ECFC28 /* Tutorial AppTests */,
				807239431E59A4A300ECFC28 /* Tutorial AppUITests */,
			);
		};
/* End PBXProject section */

/* Begin PBXResourcesBuildPhase section */
		807239231E59A4A200ECFC28 /* Resources */ = {
			isa = PBXResourcesBuildPhase;
			buildActionMask = 2147483647;
			files = (
				807239331E59A4A200ECFC28 /* LaunchScreen.storyboard in Resources */,
				807239301E59A4A200ECFC28 /* Assets.xcassets in Resources */,
				8072392E1E59A4A200ECFC28 /* Main.storyboard in Resources */,
			);
			runOnlyForDeploymentPostprocessing = 0;
		};
		807239371E59A4A300ECFC28 /* Resources */ = {
			isa = PBXResourcesBuildPhase;
			buildActionMask = 2147483647;
			files = (
			);
			runOnlyForDeploymentPostprocessing = 0;
		};
		807239421E59A4A300ECFC28 /* Resources */ = {
			isa = PBXResourcesBuildPhase;
			buildActionMask = 2147483647;
			files = (
			);
			runOnlyForDeploymentPostprocessing = 0;
		};
/* End PBXResourcesBuildPhase section */

/* Begin PBXSourcesBuildPhase section */
		807239211E59A4A200ECFC28 /* Sources */ = {
			isa = PBXSourcesBuildPhase;
			buildActionMask = 2147483647;
			files = (
				8072392B1E59A4A200ECFC28 /* ViewController.swift in Sources */,
				801F3FEE1E5C0C150091D7F2 /* conViewController.swift in Sources */,
				80FAE2281E5B86C30014FC61 /* CalViewController.swift in Sources */,
				807239591E59C63500ECFC28 /* calcViewController.swift in Sources */,
				807239571E59AEAC00ECFC28 /* TODController.swift in Sources */,
				807239291E59A4A200ECFC28 /* AppDelegate.swift in Sources */,
			);
			runOnlyForDeploymentPostprocessing = 0;
		};
		807239351E59A4A300ECFC28 /* Sources */ = {
			isa = PBXSourcesBuildPhase;
			buildActionMask = 2147483647;
			files = (
				8072393E1E59A4A300ECFC28 /* Tutorial_AppTests.swift in Sources */,
			);
			runOnlyForDeploymentPostprocessing = 0;
		};
		807239401E59A4A300ECFC28 /* Sources */ = {
			isa = PBXSourcesBuildPhase;
			buildActionMask = 2147483647;
			files = (
				807239491E59A4A300ECFC28 /* Tutorial_AppUITests.swift in Sources */,
			);
			runOnlyForDeploymentPostprocessing = 0;
		};
/* End PBXSourcesBuildPhase section */

/* Begin PBXTargetDependency section */
		8072393B1E59A4A300ECFC28 /* PBXTargetDependency */ = {
			isa = PBXTargetDependency;
			target = 807239241E59A4A200ECFC28 /* Tutorial App */;
			targetProxy = 8072393A1E59A4A300ECFC28 /* PBXContainerItemProxy */;
		};
		807239461E59A4A300ECFC28 /* PBXTargetDependency */ = {
			isa = PBXTargetDependency;
			target = 807239241E59A4A200ECFC28 /* Tutorial App */;
			targetProxy = 807239451E59A4A300ECFC28 /* PBXContainerItemProxy */;
		};
/* End PBXTargetDependency section */

/* Begin PBXVariantGroup section */
		8072392C1E59A4A200ECFC28 /* Main.storyboard */ = {
			isa = PBXVariantGroup;
			children = (
				8072392D1E59A4A200ECFC28 /* Base */,
			);
			name = Main.storyboard;
			sourceTree = "<group>";
		};
		807239311E59A4A200ECFC28 /* LaunchScreen.storyboard */ = {
			isa = PBXVariantGroup;
			children = (
				807239321E59A4A200ECFC28 /* Base */,
			);
			name = LaunchScreen.storyboard;
			sourceTree = "<group>";
		};
/* End PBXVariantGroup section */

/* Begin XCBuildConfiguration section */
		8072394B1E59A4A300ECFC28 /* Debug */ = {
			isa = XCBuildConfiguration;
			buildSettings = {
				ALWAYS_SEARCH_USER_PATHS = NO;
				CLANG_ANALYZER_NONNULL = YES;
				CLANG_CXX_LANGUAGE_STANDARD = "gnu++0x";
				CLANG_CXX_LIBRARY = "libc++";
				CLANG_ENABLE_MODULES = YES;
				CLANG_ENABLE_OBJC_ARC = YES;
				CLANG_WARN_BOOL_CONVERSION = YES;
				CLANG_WARN_CONSTANT_CONVERSION = YES;
				CLANG_WARN_DIRECT_OBJC_ISA_USAGE = YES_ERROR;
				CLANG_WARN_DOCUMENTATION_COMMENTS = YES;
				CLANG_WARN_EMPTY_BODY = YES;
				CLANG_WARN_ENUM_CONVERSION = YES;
				CLANG_WARN_INFINITE_RECURSION = YES;
				CLANG_WARN_INT_CONVERSION = YES;
				CLANG_WARN_OBJC_ROOT_CLASS = YES_ERROR;
				CLANG_WARN_SUSPICIOUS_MOVE = YES;
				CLANG_WARN_UNREACHABLE_CODE = YES;
				CLANG_WARN__DUPLICATE_METHOD_MATCH = YES;
				"CODE_SIGN_IDENTITY[sdk=iphoneos*]" = "iPhone Developer";
				COPY_PHASE_STRIP = NO;
				DEBUG_INFORMATION_FORMAT = dwarf;
				ENABLE_STRICT_OBJC_MSGSEND = YES;
				ENABLE_TESTABILITY = YES;
				GCC_C_LANGUAGE_STANDARD = gnu99;
				GCC_DYNAMIC_NO_PIC = NO;
				GCC_NO_COMMON_BLOCKS = YES;
				GCC_OPTIMIZATION_LEVEL = 0;
				GCC_PREPROCESSOR_DEFINITIONS = (
					"DEBUG=1",
					"$(inherited)",
				);
				GCC_WARN_64_TO_32_BIT_CONVERSION = YES;
				GCC_WARN_ABOUT_RETURN_TYPE = YES_ERROR;
				GCC_WARN_UNDECLARED_SELECTOR = YES;
				GCC_WARN_UNINITIALIZED_AUTOS = YES_AGGRESSIVE;
				GCC_WARN_UNUSED_FUNCTION = YES;
				GCC_WARN_UNUSED_VARIABLE = YES;
				IPHONEOS_DEPLOYMENT_TARGET = 10.2;
				MTL_ENABLE_DEBUG_INFO = YES;
				ONLY_ACTIVE_ARCH = YES;
				SDKROOT = iphoneos;
				SWIFT_ACTIVE_COMPILATION_CONDITIONS = DEBUG;
				SWIFT_OPTIMIZATION_LEVEL = "-Onone";
				TARGETED_DEVICE_FAMILY = "1,2";
			};
			name = Debug;
		};
		8072394C1E59A4A300ECFC28 /* Release */ = {
			isa = XCBuildConfiguration;
			buildSettings = {
				ALWAYS_SEARCH_USER_PATHS = NO;
				CLANG_ANALYZER_NONNULL = YES;
				CLANG_CXX_LANGUAGE_STANDARD = "gnu++0x";
				CLANG_CXX_LIBRARY = "libc++";
				CLANG_ENABLE_MODULES = YES;
				CLANG_ENABLE_OBJC_ARC = YES;
				CLANG_WARN_BOOL_CONVERSION = YES;
				CLANG_WARN_CONSTANT_CONVERSION = YES;
				CLANG_WARN_DIRECT_OBJC_ISA_USAGE = YES_ERROR;
				CLANG_WARN_DOCUMENTATION_COMMENTS = YES;
				CLANG_WARN_EMPTY_BODY = YES;
				CLANG_WARN_ENUM_CONVERSION = YES;
				CLANG_WARN_INFINITE_RECURSION = YES;
				CLANG_WARN_INT_CONVERSION = YES;
				CLANG_WARN_OBJC_ROOT_CLASS = YES_ERROR;
				CLANG_WARN_SUSPICIOUS_MOVE = YES;
				CLANG_WARN_UNREACHABLE_CODE = YES;
				CLANG_WARN__DUPLICATE_METHOD_MATCH = YES;
				"CODE_SIGN_IDENTITY[sdk=iphoneos*]" = "iPhone Developer";
				COPY_PHASE_STRIP = NO;
				DEBUG_INFORMATION_FORMAT = "dwarf-with-dsym";
				ENABLE_NS_ASSERTIONS = NO;
				ENABLE_STRICT_OBJC_MSGSEND = YES;
				GCC_C_LANGUAGE_STANDARD = gnu99;
				GCC_NO_COMMON_BLOCKS = YES;
				GCC_WARN_64_TO_32_BIT_CONVERSION = YES;
				GCC_WARN_ABOUT_RETURN_TYPE = YES_ERROR;
				GCC_WARN_UNDECLARED_SELECTOR = YES;
				GCC_WARN_UNINITIALIZED_AUTOS = YES_AGGRESSIVE;
				GCC_WARN_UNUSED_FUNCTION = YES;
				GCC_WARN_UNUSED_VARIABLE = YES;
				IPHONEOS_DEPLOYMENT_TARGET = 10.2;
				MTL_ENABLE_DEBUG_INFO = NO;
				SDKROOT = iphoneos;
				SWIFT_OPTIMIZATION_LEVEL = "-Owholemodule";
				TARGETED_DEVICE_FAMILY = "1,2";
				VALIDATE_PRODUCT = YES;
			};
			name = Release;
		};
		8072394E1E59A4A300ECFC28 /* Debug */ = {
			isa = XCBuildConfiguration;
			buildSettings = {
				ASSETCATALOG_COMPILER_APPICON_NAME = AppIcon;
				INFOPLIST_FILE = "Tutorial App/Info.plist";
				IPHONEOS_DEPLOYMENT_TARGET = 8.0;
				LD_RUNPATH_SEARCH_PATHS = "$(inherited) @executable_path/Frameworks";
				PRODUCT_BUNDLE_IDENTIFIER = "com.student.Tutorial-App";
				PRODUCT_NAME = "$(TARGET_NAME)";
				SWIFT_VERSION = 3.0;
			};
			name = Debug;
		};
		8072394F1E59A4A300ECFC28 /* Release */ = {
			isa = XCBuildConfiguration;
			buildSettings = {
				ASSETCATALOG_COMPILER_APPICON_NAME = AppIcon;
				INFOPLIST_FILE = "Tutorial App/Info.plist";
				IPHONEOS_DEPLOYMENT_TARGET = 8.0;
				LD_RUNPATH_SEARCH_PATHS = "$(inherited) @executable_path/Frameworks";
				PRODUCT_BUNDLE_IDENTIFIER = "com.student.Tutorial-App";
				PRODUCT_NAME = "$(TARGET_NAME)";
				SWIFT_VERSION = 3.0;
			};
			name = Release;
		};
		807239511E59A4A300ECFC28 /* Debug */ = {
			isa = XCBuildConfiguration;
			buildSettings = {
				ALWAYS_EMBED_SWIFT_STANDARD_LIBRARIES = YES;
				BUNDLE_LOADER = "$(TEST_HOST)";
				INFOPLIST_FILE = "Tutorial AppTests/Info.plist";
				LD_RUNPATH_SEARCH_PATHS = "$(inherited) @executable_path/Frameworks @loader_path/Frameworks";
				PRODUCT_BUNDLE_IDENTIFIER = "com.student.Tutorial-AppTests";
				PRODUCT_NAME = "$(TARGET_NAME)";
				SWIFT_VERSION = 3.0;
				TEST_HOST = "$(BUILT_PRODUCTS_DIR)/Tutorial App.app/Tutorial App";
			};
			name = Debug;
		};
		807239521E59A4A300ECFC28 /* Release */ = {
			isa = XCBuildConfiguration;
			buildSettings = {
				ALWAYS_EMBED_SWIFT_STANDARD_LIBRARIES = YES;
				BUNDLE_LOADER = "$(TEST_HOST)";
				INFOPLIST_FILE = "Tutorial AppTests/Info.plist";
				LD_RUNPATH_SEARCH_PATHS = "$(inherited) @executable_path/Frameworks @loader_path/Frameworks";
				PRODUCT_BUNDLE_IDENTIFIER = "com.student.Tutorial-AppTests";
				PRODUCT_NAME = "$(TARGET_NAME)";
				SWIFT_VERSION = 3.0;
				TEST_HOST = "$(BUILT_PRODUCTS_DIR)/Tutorial App.app/Tutorial App";
			};
			name = Release;
		};
		807239541E59A4A300ECFC28 /* Debug */ = {
			isa = XCBuildConfiguration;
			buildSettings = {
				ALWAYS_EMBED_SWIFT_STANDARD_LIBRARIES = YES;
				INFOPLIST_FILE = "Tutorial AppUITests/Info.plist";
				LD_RUNPATH_SEARCH_PATHS = "$(inherited) @executable_path/Frameworks @loader_path/Frameworks";
				PRODUCT_BUNDLE_IDENTIFIER = "com.student.Tutorial-AppUITests";
				PRODUCT_NAME = "$(TARGET_NAME)";
				SWIFT_VERSION = 3.0;
				TEST_TARGET_NAME = "Tutorial App";
			};
			name = Debug;
		};
		807239551E59A4A300ECFC28 /* Release */ = {
			isa = XCBuildConfiguration;
			buildSettings = {
				ALWAYS_EMBED_SWIFT_STANDARD_LIBRARIES = YES;
				INFOPLIST_FILE = "Tutorial AppUITests/Info.plist";
				LD_RUNPATH_SEARCH_PATHS = "$(inherited) @executable_path/Frameworks @loader_path/Frameworks";
				PRODUCT_BUNDLE_IDENTIFIER = "com.student.Tutorial-AppUITests";
				PRODUCT_NAME = "$(TARGET_NAME)";
				SWIFT_VERSION = 3.0;
				TEST_TARGET_NAME = "Tutorial App";
			};
			name = Release;
		};
/* End XCBuildConfiguration section */

/* Begin XCConfigurationList section */
		807239201E59A4A100ECFC28 /* Build configuration list for PBXProject "Tutorial App" */ = {
			isa = XCConfigurationList;
			buildConfigurations = (
				8072394B1E59A4A300ECFC28 /* Debug */,
				8072394C1E59A4A300ECFC28 /* Release */,
			);
			defaultConfigurationIsVisible = 0;
			defaultConfigurationName = Release;
		};
		8072394D1E59A4A300ECFC28 /* Build configuration list for PBXNativeTarget "Tutorial App" */ = {
			isa = XCConfigurationList;
			buildConfigurations = (
				8072394E1E59A4A300ECFC28 /* Debug */,
				8072394F1E59A4A300ECFC28 /* Release */,
			);
			defaultConfigurationIsVisible = 0;
			defaultConfigurationName = Release;
		};
		807239501E59A4A300ECFC28 /* Build configuration list for PBXNativeTarget "Tutorial AppTests" */ = {
			isa = XCConfigurationList;
			buildConfigurations = (
				807239511E59A4A300ECFC28 /* Debug */,
				807239521E59A4A300ECFC28 /* Release */,
			);
			defaultConfigurationIsVisible = 0;
			defaultConfigurationName = Release;
		};
		807239531E59A4A300ECFC28 /* Build configuration list for PBXNativeTarget "Tutorial AppUITests" */ = {
			isa = XCConfigurationList;
			buildConfigurations = (
				807239541E59A4A300ECFC28 /* Debug */,
				807239551E59A4A300ECFC28 /* Release */,
			);
			defaultConfigurationIsVisible = 0;
			defaultConfigurationName = Release;
		};
/* End XCConfigurationList section */
	};
	rootObject = 8072391D1E59A4A100ECFC28 /* Project object */;
}
